Microsoft Visual Studio Solution File, Format Version 12.00
# Visual Studio Version 17
VisualStudioVersion = 17.5.2.0
MinimumVisualStudioVersion = 10.0.40219.1
Project("{FAE04EC0-301F-11D3-BF4B-00C04F79EFBC}") = "FilmSpinAPI", "FilmSpinAPI.csproj", "{AD789E5B-066A-D244-87F5-6A9F1267D2E9}"
EndProject
Global
	GlobalSection(SolutionConfigurationPlatforms) = preSolution
		Debug|Any CPU = Debug|Any CPU
		Release|Any CPU = Release|Any CPU
	EndGlobalSection
	GlobalSection(ProjectConfigurationPlatforms) = postSolution
		{AD789E5B-066A-D244-87F5-6A9F1267D2E9}.Debug|Any CPU.ActiveCfg = Debug|Any CPU
		{AD789E5B-066A-D244-87F5-6A9F1267D2E9}.Debug|Any CPU.Build.0 = Debug|Any CPU
		{AD789E5B-066A-D244-87F5-6A9F1267D2E9}.Release|Any CPU.ActiveCfg = Release|Any CPU
		{AD789E5B-066A-D244-87F5-6A9F1267D2E9}.Release|Any CPU.Build.0 = Release|Any CPU
	EndGlobalSection
	GlobalSection(SolutionProperties) = preSolution
		HideSolutionNode = FALSE
	EndGlobalSection
	GlobalSection(ExtensibilityGlobals) = postSolution
		SolutionGuid = {56FBDED1-B81C-46B4-8AFF-453DB2EBD813}
	EndGlobalSection
EndGlobal
